Microsoft Visual Studio Solution File, Format Version 12.00
# Visual Studio 2012
Project("{8BC9CEB8-8B4A-11D0-8D11-00A0C91BC942}") = "01-cube", "examples\SDL\01-cube\01-cube-VS2012.vcxproj", "{DF4A1F32-BA3E-4604-A9F5-721CAAA9EA71}"
	ProjectSection(ProjectDependencies) = postProject
		{EA50E705-5113-49E5-B105-2512EDC8DDC6} = {EA50E705-5113-49E5-B105-2512EDC8DDC6}
		{A9F01342-5463-4634-B1F9-BF98CD5591B0} = {A9F01342-5463-4634-B1F9-BF98CD5591B0}
		{29FA0962-DDC6-4F72-9D12-E150DF29E279} = {29FA0962-DDC6-4F72-9D12-E150DF29E279}
	EndProjectSection
EndProject
Project("{8BC9CEB8-8B4A-11D0-8D11-00A0C91BC942}") = "02-space", "examples\SDL\02-space\02-space-VS2012.vcxproj", "{ABF81CDB-45B1-41ED-9B05-6F667134A39B}"
	ProjectSection(ProjectDependencies) = postProject
		{EA50E705-5113-49E5-B105-2512EDC8DDC6} = {EA50E705-5113-49E5-B105-2512EDC8DDC6}
		{A9F01342-5463-4634-B1F9-BF98CD5591B0} = {A9F01342-5463-4634-B1F9-BF98CD5591B0}
		{29FA0962-DDC6-4F72-9D12-E150DF29E279} = {29FA0962-DDC6-4F72-9D12-E150DF29E279}
	EndProjectSection
EndProject
Project("{8BC9CEB8-8B4A-11D0-8D11-00A0C91BC942}") = "03-exploration", "examples\SDL\03-exploration\03-exploration-VS2012.vcxproj", "{44D0D6B9-4380-405B-8D26-4737B0519B3B}"
	ProjectSection(ProjectDependencies) = postProject
		{EA50E705-5113-49E5-B105-2512EDC8DDC6} = {EA50E705-5113-49E5-B105-2512EDC8DDC6}
		{A9F01342-5463-4634-B1F9-BF98CD5591B0} = {A9F01342-5463-4634-B1F9-BF98CD5591B0}
		{29FA0962-DDC6-4F72-9D12-E150DF29E279} = {29FA0962-DDC6-4F72-9D12-E150DF29E279}
		{36A3C28A-B798-4238-B1ED-A7A9B6E8817E} = {36A3C28A-B798-4238-B1ED-A7A9B6E8817E}
	EndProjectSection
EndProject
Project("{8BC9CEB8-8B4A-11D0-8D11-00A0C91BC942}") = "04-membrane", "examples\SDL\04-membrane\04-membrane-VS2012.vcxproj", "{50ED7D4E-F222-4536-8BFD-B3047C20E6FE}"
	ProjectSection(ProjectDependencies) = postProject
		{EA50E705-5113-49E5-B105-2512EDC8DDC6} = {EA50E705-5113-49E5-B105-2512EDC8DDC6}
		{FA3C5038-FB3D-499F-8CCA-410BCA3DD227} = {FA3C5038-FB3D-499F-8CCA-410BCA3DD227}
		{A9F01342-5463-4634-B1F9-BF98CD5591B0} = {A9F01342-5463-4634-B1F9-BF98CD5591B0}
		{29FA0962-DDC6-4F72-9D12-E150DF29E279} = {29FA0962-DDC6-4F72-9D12-E150DF29E279}
	EndProjectSection
EndProject
Project("{8BC9CEB8-8B4A-11D0-8D11-00A0C91BC942}") = "05-movie", "examples\SDL\05-movie\05-movie-VS2012.vcxproj", "{3A479695-AA37-4AF8-B218-03B51BF5A428}"
	ProjectSection(ProjectDependencies) = postProject
		{EA50E705-5113-49E5-B105-2512EDC8DDC6} = {EA50E705-5113-49E5-B105-2512EDC8DDC6}
		{A9F01342-5463-4634-B1F9-BF98CD5591B0} = {A9F01342-5463-4634-B1F9-BF98CD5591B0}
		{29FA0962-DDC6-4F72-9D12-E150DF29E279} = {29FA0962-DDC6-4F72-9D12-E150DF29E279}
	EndProjectSection
EndProject
Project("{8BC9CEB8-8B4A-11D0-8D11-00A0C91BC942}") = "06-object", "examples\SDL\06-object\06-object-VS2012.vcxproj", "{E671F5E5-6414-4FC7-98D6-9DC8710A4206}"
	ProjectSection(ProjectDependencies) = postProject
		{EA50E705-5113-49E5-B105-2512EDC8DDC6} = {EA50E705-5113-49E5-B105-2512EDC8DDC6}
		{A9F01342-5463-4634-B1F9-BF98CD5591B0} = {A9F01342-5463-4634-B1F9-BF98CD5591B0}
		{29FA0962-DDC6-4F72-9D12-E150DF29E279} = {29FA0962-DDC6-4F72-9D12-E150DF29E279}
	EndProjectSection
EndProject
Project("{8BC9CEB8-8B4A-11D0-8D11-00A0C91BC942}") = "LibOVR", "external\oculusSDK\LibOVR\Projects\Windows\VS2012\LibOVR.vcxproj", "{EA50E705-5113-49E5-B105-2512EDC8DDC6}"
EndProject
Project("{8BC9CEB8-8B4A-11D0-8D11-00A0C91BC942}") = "LibOVRKernel", "external\oculusSDK\LibOVRKernel\Projects\Windows\VS2012\LibOVRKernel.vcxproj", "{29FA0962-DDC6-4F72-9D12-E150DF29E279}"
EndProject
Project("{8BC9CEB8-8B4A-11D0-8D11-00A0C91BC942}") = "CHAI3D", "..\..\CHAI3D-VS2012.vcxproj", "{A9F01342-5463-4634-B1F9-BF98CD5591B0}"
EndProject
Project("{8BC9CEB8-8B4A-11D0-8D11-00A0C91BC942}") = "CHAI3D-ODE", "..\ODE\CHAI3D-ODE-VS2012.vcxproj", "{36A3C28A-B798-4238-B1ED-A7A9B6E8817E}"
EndProject
Project("{8BC9CEB8-8B4A-11D0-8D11-00A0C91BC942}") = "CHAI3D-GEL", "..\GEL\CHAI3D-GEL-VS2012.vcxproj", "{FA3C5038-FB3D-499F-8CCA-410BCA3DD227}"
EndProject
Project("{8BC9CEB8-8B4A-11D0-8D11-00A0C91BC942}") = "07-clay", "examples\SDL\07-clay\07-clay-VS2012.vcxproj", "{B21EA771-40C2-4B9B-9ED4-C62F569DB36E}"
	ProjectSection(ProjectDependencies) = postProject
		{EA50E705-5113-49E5-B105-2512EDC8DDC6} = {EA50E705-5113-49E5-B105-2512EDC8DDC6}
		{A9F01342-5463-4634-B1F9-BF98CD5591B0} = {A9F01342-5463-4634-B1F9-BF98CD5591B0}
		{29FA0962-DDC6-4F72-9D12-E150DF29E279} = {29FA0962-DDC6-4F72-9D12-E150DF29E279}
	EndProjectSection
EndProject
Global
	GlobalSection(SolutionConfigurationPlatforms) = preSolution
		Debug|Win32 = Debug|Win32
		Debug|x64 = Debug|x64
		Release|Win32 = Release|Win32
		Release|x64 = Release|x64
	EndGlobalSection
	GlobalSection(ProjectConfigurationPlatforms) = postSolution
		{EA50E705-5113-49E5-B105-2512EDC8DDC6}.Debug|Win32.ActiveCfg = Debug|Win32
		{EA50E705-5113-49E5-B105-2512EDC8DDC6}.Debug|Win32.Build.0 = Debug|Win32
		{EA50E705-5113-49E5-B105-2512EDC8DDC6}.Debug|x64.ActiveCfg = Debug|x64
		{EA50E705-5113-49E5-B105-2512EDC8DDC6}.Debug|x64.Build.0 = Debug|x64
		{EA50E705-5113-49E5-B105-2512EDC8DDC6}.Release|Win32.ActiveCfg = Release|Win32
		{EA50E705-5113-49E5-B105-2512EDC8DDC6}.Release|Win32.Build.0 = Release|Win32
		{EA50E705-5113-49E5-B105-2512EDC8DDC6}.Release|x64.ActiveCfg = Release|x64
		{EA50E705-5113-49E5-B105-2512EDC8DDC6}.Release|x64.Build.0 = Release|x64
		{29FA0962-DDC6-4F72-9D12-E150DF29E279}.Debug|Win32.ActiveCfg = Debug|Win32
		{29FA0962-DDC6-4F72-9D12-E150DF29E279}.Debug|Win32.Build.0 = Debug|Win32
		{29FA0962-DDC6-4F72-9D12-E150DF29E279}.Debug|x64.ActiveCfg = Debug|x64
		{29FA0962-DDC6-4F72-9D12-E150DF29E279}.Debug|x64.Build.0 = Debug|x64
		{29FA0962-DDC6-4F72-9D12-E150DF29E279}.Release|Win32.ActiveCfg = Release|Win32
		{29FA0962-DDC6-4F72-9D12-E150DF29E279}.Release|Win32.Build.0 = Release|Win32
		{29FA0962-DDC6-4F72-9D12-E150DF29E279}.Release|x64.ActiveCfg = Release|x64
		{29FA0962-DDC6-4F72-9D12-E150DF29E279}.Release|x64.Build.0 = Release|x64
		{A9F01342-5463-4634-B1F9-BF98CD5591B0}.Debug|Win32.ActiveCfg = Debug|Win32
		{A9F01342-5463-4634-B1F9-BF98CD5591B0}.Debug|Win32.Build.0 = Debug|Win32
		{A9F01342-5463-4634-B1F9-BF98CD5591B0}.Debug|x64.ActiveCfg = Debug|x64
		{A9F01342-5463-4634-B1F9-BF98CD5591B0}.Debug|x64.Build.0 = Debug|x64
		{A9F01342-5463-4634-B1F9-BF98CD5591B0}.Release|Win32.ActiveCfg = Release|Win32
		{A9F01342-5463-4634-B1F9-BF98CD5591B0}.Release|Win32.Build.0 = Release|Win32
		{A9F01342-5463-4634-B1F9-BF98CD5591B0}.Release|x64.ActiveCfg = Release|x64
		{A9F01342-5463-4634-B1F9-BF98CD5591B0}.Release|x64.Build.0 = Release|x64
		{DF4A1F32-BA3E-4604-A9F5-721CAAA9EA71}.Debug|Win32.ActiveCfg = Debug|Win32
		{DF4A1F32-BA3E-4604-A9F5-721CAAA9EA71}.Debug|Win32.Build.0 = Debug|Win32
		{DF4A1F32-BA3E-4604-A9F5-721CAAA9EA71}.Debug|x64.ActiveCfg = Debug|x64
		{DF4A1F32-BA3E-4604-A9F5-721CAAA9EA71}.Debug|x64.Build.0 = Debug|x64
		{DF4A1F32-BA3E-4604-A9F5-721CAAA9EA71}.Release|Win32.ActiveCfg = Release|Win32
		{DF4A1F32-BA3E-4604-A9F5-721CAAA9EA71}.Release|Win32.Build.0 = Release|Win32
		{DF4A1F32-BA3E-4604-A9F5-721CAAA9EA71}.Release|x64.ActiveCfg = Release|x64
		{DF4A1F32-BA3E-4604-A9F5-721CAAA9EA71}.Release|x64.Build.0 = Release|x64
		{ABF81CDB-45B1-41ED-9B05-6F667134A39B}.Debug|Win32.ActiveCfg = Debug|Win32
		{ABF81CDB-45B1-41ED-9B05-6F667134A39B}.Debug|Win32.Build.0 = Debug|Win32
		{ABF81CDB-45B1-41ED-9B05-6F667134A39B}.Debug|x64.ActiveCfg = Debug|x64
		{ABF81CDB-45B1-41ED-9B05-6F667134A39B}.Debug|x64.Build.0 = Debug|x64
		{ABF81CDB-45B1-41ED-9B05-6F667134A39B}.Release|Win32.ActiveCfg = Release|Win32
		{ABF81CDB-45B1-41ED-9B05-6F667134A39B}.Release|Win32.Build.0 = Release|Win32
		{ABF81CDB-45B1-41ED-9B05-6F667134A39B}.Release|x64.ActiveCfg = Release|x64
		{ABF81CDB-45B1-41ED-9B05-6F667134A39B}.Release|x64.Build.0 = Release|x64
		{44D0D6B9-4380-405B-8D26-4737B0519B3B}.Debug|Win32.ActiveCfg = Debug|Win32
		{44D0D6B9-4380-405B-8D26-4737B0519B3B}.Debug|Win32.Build.0 = Debug|Win32
		{44D0D6B9-4380-405B-8D26-4737B0519B3B}.Debug|x64.ActiveCfg = Debug|x64
		{44D0D6B9-4380-405B-8D26-4737B0519B3B}.Debug|x64.Build.0 = Debug|x64
		{44D0D6B9-4380-405B-8D26-4737B0519B3B}.Release|Win32.ActiveCfg = Release|Win32
		{44D0D6B9-4380-405B-8D26-4737B0519B3B}.Release|Win32.Build.0 = Release|Win32
		{44D0D6B9-4380-405B-8D26-4737B0519B3B}.Release|x64.ActiveCfg = Release|x64
		{44D0D6B9-4380-405B-8D26-4737B0519B3B}.Release|x64.Build.0 = Release|x64
		{50ED7D4E-F222-4536-8BFD-B3047C20E6FE}.Debug|Win32.ActiveCfg = Debug|Win32
		{50ED7D4E-F222-4536-8BFD-B3047C20E6FE}.Debug|Win32.Build.0 = Debug|Win32
		{50ED7D4E-F222-4536-8BFD-B3047C20E6FE}.Debug|x64.ActiveCfg = Debug|x64
		{50ED7D4E-F222-4536-8BFD-B3047C20E6FE}.Debug|x64.Build.0 = Debug|x64
		{50ED7D4E-F222-4536-8BFD-B3047C20E6FE}.Release|Win32.ActiveCfg = Release|Win32
		{50ED7D4E-F222-4536-8BFD-B3047C20E6FE}.Release|Win32.Build.0 = Release|Win32
		{50ED7D4E-F222-4536-8BFD-B3047C20E6FE}.Release|x64.ActiveCfg = Release|x64
		{50ED7D4E-F222-4536-8BFD-B3047C20E6FE}.Release|x64.Build.0 = Release|x64
		{3A479695-AA37-4AF8-B218-03B51BF5A428}.Debug|Win32.ActiveCfg = Debug|Win32
		{3A479695-AA37-4AF8-B218-03B51BF5A428}.Debug|Win32.Build.0 = Debug|Win32
		{3A479695-AA37-4AF8-B218-03B51BF5A428}.Debug|x64.ActiveCfg = Debug|x64
		{3A479695-AA37-4AF8-B218-03B51BF5A428}.Debug|x64.Build.0 = Debug|x64
		{3A479695-AA37-4AF8-B218-03B51BF5A428}.Release|Win32.ActiveCfg = Release|Win32
		{3A479695-AA37-4AF8-B218-03B51BF5A428}.Release|Win32.Build.0 = Release|Win32
		{3A479695-AA37-4AF8-B218-03B51BF5A428}.Release|x64.ActiveCfg = Release|x64
		{3A479695-AA37-4AF8-B218-03B51BF5A428}.Release|x64.Build.0 = Release|x64
		{E671F5E5-6414-4FC7-98D6-9DC8710A4206}.Debug|Win32.ActiveCfg = Debug|Win32
		{E671F5E5-6414-4FC7-98D6-9DC8710A4206}.Debug|Win32.Build.0 = Debug|Win32
		{E671F5E5-6414-4FC7-98D6-9DC8710A4206}.Debug|x64.ActiveCfg = Debug|x64
		{E671F5E5-6414-4FC7-98D6-9DC8710A4206}.Debug|x64.Build.0 = Debug|x64
		{E671F5E5-6414-4FC7-98D6-9DC8710A4206}.Release|Win32.ActiveCfg = Release|Win32
		{E671F5E5-6414-4FC7-98D6-9DC8710A4206}.Release|Win32.Build.0 = Release|Win32
		{E671F5E5-6414-4FC7-98D6-9DC8710A4206}.Release|x64.ActiveCfg = Release|x64
		{E671F5E5-6414-4FC7-98D6-9DC8710A4206}.Release|x64.Build.0 = Release|x64
		{36A3C28A-B798-4238-B1ED-A7A9B6E8817E}.Debug|Win32.ActiveCfg = Debug|Win32
		{36A3C28A-B798-4238-B1ED-A7A9B6E8817E}.Debug|Win32.Build.0 = Debug|Win32
		{36A3C28A-B798-4238-B1ED-A7A9B6E8817E}.Debug|x64.ActiveCfg = Debug|x64
		{36A3C28A-B798-4238-B1ED-A7A9B6E8817E}.Debug|x64.Build.0 = Debug|x64
		{36A3C28A-B798-4238-B1ED-A7A9B6E8817E}.Release|Win32.ActiveCfg = Release|Win32
		{36A3C28A-B798-4238-B1ED-A7A9B6E8817E}.Release|Win32.Build.0 = Release|Win32
		{36A3C28A-B798-4238-B1ED-A7A9B6E8817E}.Release|x64.ActiveCfg = Release|x64
		{36A3C28A-B798-4238-B1ED-A7A9B6E8817E}.Release|x64.Build.0 = Release|x64
		{FA3C5038-FB3D-499F-8CCA-410BCA3DD227}.Debug|Win32.ActiveCfg = Debug|Win32
		{FA3C5038-FB3D-499F-8CCA-410BCA3DD227}.Debug|Win32.Build.0 = Debug|Win32
		{FA3C5038-FB3D-499F-8CCA-410BCA3DD227}.Debug|x64.ActiveCfg = Debug|x64
		{FA3C5038-FB3D-499F-8CCA-410BCA3DD227}.Debug|x64.Build.0 = Debug|x64
		{FA3C5038-FB3D-499F-8CCA-410BCA3DD227}.Release|Win32.ActiveCfg = Release|Win32
		{FA3C5038-FB3D-499F-8CCA-410BCA3DD227}.Release|Win32.Build.0 = Release|Win32
		{FA3C5038-FB3D-499F-8CCA-410BCA3DD227}.Release|x64.ActiveCfg = Release|x64
		{FA3C5038-FB3D-499F-8CCA-410BCA3DD227}.Release|x64.Build.0 = Release|x64
		{B21EA771-40C2-4B9B-9ED4-C62F569DB36E}.Debug|Win32.ActiveCfg = Debug|Win32
		{B21EA771-40C2-4B9B-9ED4-C62F569DB36E}.Debug|Win32.Build.0 = Debug|Win32
		{B21EA771-40C2-4B9B-9ED4-C62F569DB36E}.Debug|x64.ActiveCfg = Debug|x64
		{B21EA771-40C2-4B9B-9ED4-C62F569DB36E}.Debug|x64.Build.0 = Debug|x64
		{B21EA771-40C2-4B9B-9ED4-C62F569DB36E}.Release|Win32.ActiveCfg = Release|Win32
		{B21EA771-40C2-4B9B-9ED4-C62F569DB36E}.Release|Win32.Build.0 = Release|Win32
		{B21EA771-40C2-4B9B-9ED4-C62F569DB36E}.Release|x64.ActiveCfg = Release|x64
		{B21EA771-40C2-4B9B-9ED4-C62F569DB36E}.Release|x64.Build.0 = Release|x64
	EndGlobalSection
	GlobalSection(SolutionProperties) = preSolution
		HideSolutionNode = FALSE
	EndGlobalSection
EndGlobal
